
Microsoft Visual Studio Solution File, Format Version 12.00
# Visual Studio Version 16
VisualStudioVersion = 16.0.31205.134
MinimumVisualStudioVersion = 10.0.40219.1
Project("{2150E333-8FDC-42A3-9474-1A3956D46DE8}") = "src", "src", "{06DE49E1-03D7-47C2-B8F5-2B41CE83DE14}"
EndProject
Project("{2150E333-8FDC-42A3-9474-1A3956D46DE8}") = "test", "test", "{CA535EDE-773C-460F-9F99-1DE20CBF9912}"
EndProject
Project("{FAE04EC0-301F-11D3-BF4B-00C04F79EFBC}") = "Core", "src\Core\Core.csproj", "{88D6722A-32EA-4BEC-A242-C42E47552C2E}"
EndProject
Project("{FAE04EC0-301F-11D3-BF4B-00C04F79EFBC}") = "Application", "src\Application\Application.csproj", "{2A98D219-9F71-4DDD-B936-80842ADB6AC1}"
EndProject
Project("{FAE04EC0-301F-11D3-BF4B-00C04F79EFBC}") = "Api", "src\Api\Api.csproj", "{95467088-20DB-4EF0-B35C-265380AB1AB6}"
EndProject
Project("{FAE04EC0-301F-11D3-BF4B-00C04F79EFBC}") = "Application.Tests", "test\Application.Tests\Application.Tests.csproj", "{D099A4A6-5E5D-4830-BE45-96E4DFAF84D8}"
EndProject
Project("{FAE04EC0-301F-11D3-BF4B-00C04F79EFBC}") = "Core.Tests", "test\Core.Tests\Core.Tests.csproj", "{DCEBAFFD-476A-428C-9F93-3DD139753CC5}"
EndProject
Project("{FAE04EC0-301F-11D3-BF4B-00C04F79EFBC}") = "Api.Tests", "test\Api.Tests\Api.Tests.csproj", "{7C05BF14-5C0E-415D-BBCE-187CA4B9E856}"
EndProject
Global
	GlobalSection(SolutionConfigurationPlatforms) = preSolution
		Debug|Any CPU = Debug|Any CPU
		Release|Any CPU = Release|Any CPU
	EndGlobalSection
	GlobalSection(ProjectConfigurationPlatforms) = postSolution
		{88D6722A-32EA-4BEC-A242-C42E47552C2E}.Debug|Any CPU.ActiveCfg = Debug|Any CPU
		{88D6722A-32EA-4BEC-A242-C42E47552C2E}.Debug|Any CPU.Build.0 = Debug|Any CPU
		{88D6722A-32EA-4BEC-A242-C42E47552C2E}.Release|Any CPU.ActiveCfg = Release|Any CPU
		{88D6722A-32EA-4BEC-A242-C42E47552C2E}.Release|Any CPU.Build.0 = Release|Any CPU
		{2A98D219-9F71-4DDD-B936-80842ADB6AC1}.Debug|Any CPU.ActiveCfg = Debug|Any CPU
		{2A98D219-9F71-4DDD-B936-80842ADB6AC1}.Debug|Any CPU.Build.0 = Debug|Any CPU
		{2A98D219-9F71-4DDD-B936-80842ADB6AC1}.Release|Any CPU.ActiveCfg = Release|Any CPU
		{2A98D219-9F71-4DDD-B936-80842ADB6AC1}.Release|Any CPU.Build.0 = Release|Any CPU
		{95467088-20DB-4EF0-B35C-265380AB1AB6}.Debug|Any CPU.ActiveCfg = Debug|Any CPU
		{95467088-20DB-4EF0-B35C-265380AB1AB6}.Debug|Any CPU.Build.0 = Debug|Any CPU
		{95467088-20DB-4EF0-B35C-265380AB1AB6}.Release|Any CPU.ActiveCfg = Release|Any CPU
		{95467088-20DB-4EF0-B35C-265380AB1AB6}.Release|Any CPU.Build.0 = Release|Any CPU
		{D099A4A6-5E5D-4830-BE45-96E4DFAF84D8}.Debug|Any CPU.ActiveCfg = Debug|Any CPU
		{D099A4A6-5E5D-4830-BE45-96E4DFAF84D8}.Debug|Any CPU.Build.0 = Debug|Any CPU
		{D099A4A6-5E5D-4830-BE45-96E4DFAF84D8}.Release|Any CPU.ActiveCfg = Release|Any CPU
		{D099A4A6-5E5D-4830-BE45-96E4DFAF84D8}.Release|Any CPU.Build.0 = Release|Any CPU
		{DCEBAFFD-476A-428C-9F93-3DD139753CC5}.Debug|Any CPU.ActiveCfg = Debug|Any CPU
		{DCEBAFFD-476A-428C-9F93-3DD139753CC5}.Debug|Any CPU.Build.0 = Debug|Any CPU
		{DCEBAFFD-476A-428C-9F93-3DD139753CC5}.Release|Any CPU.ActiveCfg = Release|Any CPU
		{DCEBAFFD-476A-428C-9F93-3DD139753CC5}.Release|Any CPU.Build.0 = Release|Any CPU
		{7C05BF14-5C0E-415D-BBCE-187CA4B9E856}.Debug|Any CPU.ActiveCfg = Debug|Any CPU
		{7C05BF14-5C0E-415D-BBCE-187CA4B9E856}.Debug|Any CPU.Build.0 = Debug|Any CPU
		{7C05BF14-5C0E-415D-BBCE-187CA4B9E856}.Release|Any CPU.ActiveCfg = Release|Any CPU
		{7C05BF14-5C0E-415D-BBCE-187CA4B9E856}.Release|Any CPU.Build.0 = Release|Any CPU
	EndGlobalSection
	GlobalSection(SolutionProperties) = preSolution
		HideSolutionNode = FALSE
	EndGlobalSection
	GlobalSection(NestedProjects) = preSolution
		{88D6722A-32EA-4BEC-A242-C42E47552C2E} = {06DE49E1-03D7-47C2-B8F5-2B41CE83DE14}
		{2A98D219-9F71-4DDD-B936-80842ADB6AC1} = {06DE49E1-03D7-47C2-B8F5-2B41CE83DE14}
		{95467088-20DB-4EF0-B35C-265380AB1AB6} = {06DE49E1-03D7-47C2-B8F5-2B41CE83DE14}
		{D099A4A6-5E5D-4830-BE45-96E4DFAF84D8} = {CA535EDE-773C-460F-9F99-1DE20CBF9912}
		{DCEBAFFD-476A-428C-9F93-3DD139753CC5} = {CA535EDE-773C-460F-9F99-1DE20CBF9912}
		{7C05BF14-5C0E-415D-BBCE-187CA4B9E856} = {CA535EDE-773C-460F-9F99-1DE20CBF9912}
	EndGlobalSection
	GlobalSection(ExtensibilityGlobals) = postSolution
		SolutionGuid = {380ED601-A095-49C7-8F23-C3EF31A18528}
	EndGlobalSection
EndGlobal
